
Microsoft Visual Studio Solution File, Format Version 12.00
# Visual Studio 15
VisualStudioVersion = 15.0.27703.2042
MinimumVisualStudioVersion = 10.0.40219.1
Project("{FAE04EC0-301F-11D3-BF4B-00C04F79EFBC}") = "CoreWebsite", "CoreWebsite\CoreWebsite.csproj", "{A2BEF0AF-025A-4A0C-8D55-41F1BDE1165B}"
EndProject
Global
	GlobalSection(SolutionConfigurationPlatforms) = preSolution
		Debug|Any CPU = Debug|Any CPU
		Release|Any CPU = Release|Any CPU
	EndGlobalSection
	GlobalSection(ProjectConfigurationPlatforms) = postSolution
		{A2BEF0AF-025A-4A0C-8D55-41F1BDE1165B}.Debug|Any CPU.ActiveCfg = Debug|Any CPU
		{A2BEF0AF-025A-4A0C-8D55-41F1BDE1165B}.Debug|Any CPU.Build.0 = Debug|Any CPU
		{A2BEF0AF-025A-4A0C-8D55-41F1BDE1165B}.Release|Any CPU.ActiveCfg = Release|Any CPU
		{A2BEF0AF-025A-4A0C-8D55-41F1BDE1165B}.Release|Any CPU.Build.0 = Release|Any CPU
	EndGlobalSection
	GlobalSection(SolutionProperties) = preSolution
		HideSolutionNode = FALSE
	EndGlobalSection
	GlobalSection(ExtensibilityGlobals) = postSolution
		SolutionGuid = {08B14E0A-DF03-4802-AE4C-2721953DE980}
	EndGlobalSection
EndGlobal
